
Microsoft Visual Studio Solution File, Format Version 12.00
# Visual Studio Version 17
VisualStudioVersion = 17.9.34728.123
MinimumVisualStudioVersion = 10.0.40219.1
Project("{9A19103F-16F7-4668-BE54-9A1E7A4F7556}") = "Football-Forever-3-Decompressor", "Football-Forever-3-Decompressor.csproj", "{F65ADB11-3254-446B-ADA2-83620A012AF2}"
EndProject
Global
	GlobalSection(SolutionConfigurationPlatforms) = preSolution
		Debug|Any CPU = Debug|Any CPU
		Release|Any CPU = Release|Any CPU
	EndGlobalSection
	GlobalSection(ProjectConfigurationPlatforms) = postSolution
		{F65ADB11-3254-446B-ADA2-83620A012AF2}.Debug|Any CPU.ActiveCfg = Debug|Any CPU
		{F65ADB11-3254-446B-ADA2-83620A012AF2}.Debug|Any CPU.Build.0 = Debug|Any CPU
		{F65ADB11-3254-446B-ADA2-83620A012AF2}.Release|Any CPU.ActiveCfg = Release|Any CPU
		{F65ADB11-3254-446B-ADA2-83620A012AF2}.Release|Any CPU.Build.0 = Release|Any CPU
	EndGlobalSection
	GlobalSection(SolutionProperties) = preSolution
		HideSolutionNode = FALSE
	EndGlobalSection
	GlobalSection(ExtensibilityGlobals) = postSolution
		SolutionGuid = {B308AE2C-42A0-4964-9D94-C55215FC3158}
	EndGlobalSection
EndGlobal
